
Microsoft Visual Studio Solution File, Format Version 12.00
# Visual Studio Version 16
VisualStudioVersion = 16.0.30717.126
MinimumVisualStudioVersion = 10.0.40219.1
Project("{2150E333-8FDC-42A3-9474-1A3956D46DE8}") = "src", "src", "{370F2BDE-2ADD-4304-BC4B-02157558439C}"
EndProject
Project("{2150E333-8FDC-42A3-9474-1A3956D46DE8}") = "Catalog", "Catalog", "{651F33C0-E395-4AD5-819C-04DD265CB3B7}"
EndProject
Project("{9A19103F-16F7-4668-BE54-9A1E7A4F7556}") = "Catalog.API", "src\Catalog\Catalog.API\Catalog.API.csproj", "{A2A3E821-0FD6-4CFB-AFE1-5936E44BF5BA}"
EndProject
Project("{E53339B2-1760-4266-BCC7-CA923CBCF16C}") = "docker-compose", "docker-compose.dcproj", "{DD28FE60-C7F8-44F6-9F97-371377D3A0AA}"
EndProject
Project("{2150E333-8FDC-42A3-9474-1A3956D46DE8}") = "Basket", "Basket", "{BE3D561F-53E7-484E-8118-0F11D147588B}"
EndProject
Project("{9A19103F-16F7-4668-BE54-9A1E7A4F7556}") = "Basket.API", "src\Basket\Basket.API\Basket.API.csproj", "{B489EBD3-2DAA-4CB2-BB2F-10F6F5C489B4}"
EndProject
Project("{2150E333-8FDC-42A3-9474-1A3956D46DE8}") = "Common", "Common", "{377C1241-CAE5-4F32-825E-F5EE94E3CB27}"
EndProject
Project("{9A19103F-16F7-4668-BE54-9A1E7A4F7556}") = "EventBusRabbitMQ", "src\Common\EventBusRabbitMQ\EventBusRabbitMQ.csproj", "{4EFF6C5F-F417-4C58-AF04-BE4094066F89}"
EndProject
Project("{2150E333-8FDC-42A3-9474-1A3956D46DE8}") = "Ordering", "Ordering", "{184DC0A8-16D3-47F1-A6D6-A29E8876F65B}"
EndProject
Project("{FAE04EC0-301F-11D3-BF4B-00C04F79EFBC}") = "Ordering.API", "src\Ordering\Ordering.API\Ordering.API.csproj", "{A6A87234-6D91-462B-80BD-35F425F26C67}"
EndProject
Project("{FAE04EC0-301F-11D3-BF4B-00C04F79EFBC}") = "Ordering.Core", "src\Ordering\Ordering.Core\Ordering.Core.csproj", "{95BCF5D8-0E62-47FD-810A-ACDD996C9C55}"
EndProject
Project("{FAE04EC0-301F-11D3-BF4B-00C04F79EFBC}") = "Ordering.Infrastructure", "src\Ordering\Ordering.Infrastructure\Ordering.Infrastructure.csproj", "{93486510-57BA-4E1B-9081-FD7372FDAAC9}"
EndProject
Project("{FAE04EC0-301F-11D3-BF4B-00C04F79EFBC}") = "Ordering.Application", "src\Ordering\Ordering.Application\Ordering.Application.csproj", "{23852250-0DD5-4534-9D20-F0C5E3173A9E}"
EndProject
Global
	GlobalSection(SolutionConfigurationPlatforms) = preSolution
		Debug|Any CPU = Debug|Any CPU
		Release|Any CPU = Release|Any CPU
	EndGlobalSection
	GlobalSection(ProjectConfigurationPlatforms) = postSolution
		{A2A3E821-0FD6-4CFB-AFE1-5936E44BF5BA}.Debug|Any CPU.ActiveCfg = Debug|Any CPU
		{A2A3E821-0FD6-4CFB-AFE1-5936E44BF5BA}.Debug|Any CPU.Build.0 = Debug|Any CPU
		{A2A3E821-0FD6-4CFB-AFE1-5936E44BF5BA}.Release|Any CPU.ActiveCfg = Release|Any CPU
		{A2A3E821-0FD6-4CFB-AFE1-5936E44BF5BA}.Release|Any CPU.Build.0 = Release|Any CPU
		{DD28FE60-C7F8-44F6-9F97-371377D3A0AA}.Debug|Any CPU.ActiveCfg = Debug|Any CPU
		{DD28FE60-C7F8-44F6-9F97-371377D3A0AA}.Debug|Any CPU.Build.0 = Debug|Any CPU
		{DD28FE60-C7F8-44F6-9F97-371377D3A0AA}.Release|Any CPU.ActiveCfg = Release|Any CPU
		{DD28FE60-C7F8-44F6-9F97-371377D3A0AA}.Release|Any CPU.Build.0 = Release|Any CPU
		{B489EBD3-2DAA-4CB2-BB2F-10F6F5C489B4}.Debug|Any CPU.ActiveCfg = Debug|Any CPU
		{B489EBD3-2DAA-4CB2-BB2F-10F6F5C489B4}.Debug|Any CPU.Build.0 = Debug|Any CPU
		{B489EBD3-2DAA-4CB2-BB2F-10F6F5C489B4}.Release|Any CPU.ActiveCfg = Release|Any CPU
		{B489EBD3-2DAA-4CB2-BB2F-10F6F5C489B4}.Release|Any CPU.Build.0 = Release|Any CPU
		{4EFF6C5F-F417-4C58-AF04-BE4094066F89}.Debug|Any CPU.ActiveCfg = Debug|Any CPU
		{4EFF6C5F-F417-4C58-AF04-BE4094066F89}.Debug|Any CPU.Build.0 = Debug|Any CPU
		{4EFF6C5F-F417-4C58-AF04-BE4094066F89}.Release|Any CPU.ActiveCfg = Release|Any CPU
		{4EFF6C5F-F417-4C58-AF04-BE4094066F89}.Release|Any CPU.Build.0 = Release|Any CPU
		{A6A87234-6D91-462B-80BD-35F425F26C67}.Debug|Any CPU.ActiveCfg = Debug|Any CPU
		{A6A87234-6D91-462B-80BD-35F425F26C67}.Debug|Any CPU.Build.0 = Debug|Any CPU
		{A6A87234-6D91-462B-80BD-35F425F26C67}.Release|Any CPU.ActiveCfg = Release|Any CPU
		{A6A87234-6D91-462B-80BD-35F425F26C67}.Release|Any CPU.Build.0 = Release|Any CPU
		{95BCF5D8-0E62-47FD-810A-ACDD996C9C55}.Debug|Any CPU.ActiveCfg = Debug|Any CPU
		{95BCF5D8-0E62-47FD-810A-ACDD996C9C55}.Debug|Any CPU.Build.0 = Debug|Any CPU
		{95BCF5D8-0E62-47FD-810A-ACDD996C9C55}.Release|Any CPU.ActiveCfg = Release|Any CPU
		{95BCF5D8-0E62-47FD-810A-ACDD996C9C55}.Release|Any CPU.Build.0 = Release|Any CPU
		{93486510-57BA-4E1B-9081-FD7372FDAAC9}.Debug|Any CPU.ActiveCfg = Debug|Any CPU
		{93486510-57BA-4E1B-9081-FD7372FDAAC9}.Debug|Any CPU.Build.0 = Debug|Any CPU
		{93486510-57BA-4E1B-9081-FD7372FDAAC9}.Release|Any CPU.ActiveCfg = Release|Any CPU
		{93486510-57BA-4E1B-9081-FD7372FDAAC9}.Release|Any CPU.Build.0 = Release|Any CPU
		{23852250-0DD5-4534-9D20-F0C5E3173A9E}.Debug|Any CPU.ActiveCfg = Debug|Any CPU
		{23852250-0DD5-4534-9D20-F0C5E3173A9E}.Debug|Any CPU.Build.0 = Debug|Any CPU
		{23852250-0DD5-4534-9D20-F0C5E3173A9E}.Release|Any CPU.ActiveCfg = Release|Any CPU
		{23852250-0DD5-4534-9D20-F0C5E3173A9E}.Release|Any CPU.Build.0 = Release|Any CPU
	EndGlobalSection
	GlobalSection(SolutionProperties) = preSolution
		HideSolutionNode = FALSE
	EndGlobalSection
	GlobalSection(NestedProjects) = preSolution
		{651F33C0-E395-4AD5-819C-04DD265CB3B7} = {370F2BDE-2ADD-4304-BC4B-02157558439C}
		{A2A3E821-0FD6-4CFB-AFE1-5936E44BF5BA} = {651F33C0-E395-4AD5-819C-04DD265CB3B7}
		{BE3D561F-53E7-484E-8118-0F11D147588B} = {370F2BDE-2ADD-4304-BC4B-02157558439C}
		{B489EBD3-2DAA-4CB2-BB2F-10F6F5C489B4} = {BE3D561F-53E7-484E-8118-0F11D147588B}
		{377C1241-CAE5-4F32-825E-F5EE94E3CB27} = {370F2BDE-2ADD-4304-BC4B-02157558439C}
		{4EFF6C5F-F417-4C58-AF04-BE4094066F89} = {377C1241-CAE5-4F32-825E-F5EE94E3CB27}
		{184DC0A8-16D3-47F1-A6D6-A29E8876F65B} = {370F2BDE-2ADD-4304-BC4B-02157558439C}
		{A6A87234-6D91-462B-80BD-35F425F26C67} = {184DC0A8-16D3-47F1-A6D6-A29E8876F65B}
		{95BCF5D8-0E62-47FD-810A-ACDD996C9C55} = {184DC0A8-16D3-47F1-A6D6-A29E8876F65B}
		{93486510-57BA-4E1B-9081-FD7372FDAAC9} = {184DC0A8-16D3-47F1-A6D6-A29E8876F65B}
		{23852250-0DD5-4534-9D20-F0C5E3173A9E} = {184DC0A8-16D3-47F1-A6D6-A29E8876F65B}
	EndGlobalSection
	GlobalSection(ExtensibilityGlobals) = postSolution
		SolutionGuid = {8C72C384-681A-4B79-8B90-1F4D6657F0DA}
	EndGlobalSection
EndGlobal
